// !$*UTF8*$!
{
	archiveVersion = 1;
	classes = {
	};
	objectVersion = 48;
	objects = {

/* Begin PBXBuildFile section */
		74E7DCC921F5681E00C79957 /* AppDelegate.swift in Sources */ = {isa = PBXBuildFile; fileRef = 74E7DCC821F5681E00C79957 /* AppDelegate.swift */; };
		74E7DCCB21F5681E00C79957 /* ViewController.swift in Sources */ = {isa = PBXBuildFile; fileRef = 74E7DCCA21F5681E00C79957 /* ViewController.swift */; };
		74E7DCCE21F5681E00C79957 /* Main.storyboard in Resources */ = {isa = PBXBuildFile; fileRef = 74E7DCCC21F5681E00C79957 /* Main.storyboard */; };
		74E7DCD021F5681E00C79957 /* Assets.xcassets in Resources */ = {isa = PBXBuildFile; fileRef = 74E7DCCF21F5681E00C79957 /* Assets.xcassets */; };
		74E7DCD321F5681E00C79957 /* LaunchScreen.storyboard in Resources */ = {isa = PBXBuildFile; fileRef = 74E7DCD121F5681E00C79957 /* LaunchScreen.storyboard */; };
/* End PBXBuildFile section */

/* Begin PBXFileReference section */
		74E7DCC521F5681E00C79957 /* PineHRMios.app */ = {isa = PBXFileReference; explicitFileType = wrapper.application; includeInIndex = 0; path = PineHRMios.app; sourceTree = BUILT_PRODUCTS_DIR; };
		74E7DCC821F5681E00C79957 /* AppDelegate.swift */ = {isa = PBXFileReference; lastKnownFileType = sourcecode.swift; path = AppDelegate.swift; sourceTree = "<group>"; };
		74E7DCCA21F5681E00C79957 /* ViewController.swift */ = {isa = PBXFileReference; lastKnownFileType = sourcecode.swift; path = ViewController.swift; sourceTree = "<group>"; };
		74E7DCCD21F5681E00C79957 /* Base */ = {isa = PBXFileReference; lastKnownFileType = file.storyboard; name = Base; path = Base.lproj/Main.storyboard; sourceTree = "<group>"; };
		74E7DCCF21F5681E00C79957 /* Assets.xcassets */ = {isa = PBXFileReference; lastKnownFileType = folder.assetcatalog; path = Assets.xcassets; sourceTree = "<group>"; };
		74E7DCD221F5681E00C79957 /* Base */ = {isa = PBXFileReference; lastKnownFileType = file.storyboard; name = Base; path = Base.lproj/LaunchScreen.storyboard; sourceTree = "<group>"; };
		74E7DCD421F5681E00C79957 /* Info.plist */ = {isa = PBXFileReference; lastKnownFileType = text.plist.xml; path = Info.plist; sourceTree = "<group>"; };
/* End PBXFileReference section */

/* Begin PBXFrameworksBuildPhase section */
		74E7DCC221F5681E00C79957 /* Frameworks */ = {
			isa = PBXFrameworksBuildPhase;
			buildActionMask = 2147483647;
			files = (
			);
			runOnlyForDeploymentPostprocessing = 0;
		};
/* End PBXFrameworksBuildPhase section */

/* Begin PBXGroup section */
		74E7DCBC21F5681E00C79957 = {
			isa = PBXGroup;
			children = (
				74E7DCC721F5681E00C79957 /* PineHRMios */,
				74E7DCC621F5681E00C79957 /* Products */,
			);
			sourceTree = "<group>";
		};
		74E7DCC621F5681E00C79957 /* Products */ = {
			isa = PBXGroup;
			children = (
				74E7DCC521F5681E00C79957 /* PineHRMios.app */,
			);
			name = Products;
			sourceTree = "<group>";
		};
		74E7DCC721F5681E00C79957 /* PineHRMios */ = {
			isa = PBXGroup;
			children = (
				74E7DCC821F5681E00C79957 /* AppDelegate.swift */,
				74E7DCCA21F5681E00C79957 /* ViewController.swift */,
				74E7DCCC21F5681E00C79957 /* Main.storyboard */,
				74E7DCCF21F5681E00C79957 /* Assets.xcassets */,
				74E7DCD121F5681E00C79957 /* LaunchScreen.storyboard */,
				74E7DCD421F5681E00C79957 /* Info.plist */,
			);
			path = PineHRMios;
			sourceTree = "<group>";
		};
/* End PBXGroup section */

/* Begin PBXNativeTarget section */
		74E7DCC421F5681E00C79957 /* PineHRMios */ = {
			isa = PBXNativeTarget;
			buildConfigurationList = 74E7DCD721F5681E00C79957 /* Build configuration list for PBXNativeTarget "PineHRMios" */;
			buildPhases = (
				74E7DCC121F5681E00C79957 /* Sources */,
				74E7DCC221F5681E00C79957 /* Frameworks */,
				74E7DCC321F5681E00C79957 /* Resources */,
			);
			buildRules = (
			);
			dependencies = (
			);
			name = PineHRMios;
			productName = PineHRMios;
			productReference = 74E7DCC521F5681E00C79957 /* PineHRMios.app */;
			productType = "com.apple.product-type.application";
		};
/* End PBXNativeTarget section */

/* Begin PBXProject section */
		74E7DCBD21F5681E00C79957 /* Project object */ = {
			isa = PBXProject;
			attributes = {
				LastSwiftUpdateCheck = 0920;
				LastUpgradeCheck = 0920;
				ORGANIZATIONNAME = "Md Munir Hossain";
				TargetAttributes = {
					74E7DCC421F5681E00C79957 = {
						CreatedOnToolsVersion = 9.2;
						ProvisioningStyle = Automatic;
					};
				};
			};
			buildConfigurationList = 74E7DCC021F5681E00C79957 /* Build configuration list for PBXProject "PineHRMios" */;
			compatibilityVersion = "Xcode 8.0";
			developmentRegion = en;
			hasScannedForEncodings = 0;
			knownRegions = (
				en,
				Base,
			);
			mainGroup = 74E7DCBC21F5681E00C79957;
			productRefGroup = 74E7DCC621F5681E00C79957 /* Products */;
			projectDirPath = "";
			projectRoot = "";
			targets = (
				74E7DCC421F5681E00C79957 /* PineHRMios */,
			);
		};
/* End PBXProject section */

/* Begin PBXResourcesBuildPhase section */
		74E7DCC321F5681E00C79957 /* Resources */ = {
			isa = PBXResourcesBuildPhase;
			buildActionMask = 2147483647;
			files = (
				74E7DCD321F5681E00C79957 /* LaunchScreen.storyboard in Resources */,
				74E7DCD021F5681E00C79957 /* Assets.xcassets in Resources */,
				74E7DCCE21F5681E00C79957 /* Main.storyboard in Resources */,
			);
			runOnlyForDeploymentPostprocessing = 0;
		};
/* End PBXResourcesBuildPhase section */

/* Begin PBXSourcesBuildPhase section */
		74E7DCC121F5681E00C79957 /* Sources */ = {
			isa = PBXSourcesBuildPhase;
			buildActionMask = 2147483647;
			files = (
				74E7DCCB21F5681E00C79957 /* ViewController.swift in Sources */,
				74E7DCC921F5681E00C79957 /* AppDelegate.swift in Sources */,
			);
			runOnlyForDeploymentPostprocessing = 0;
		};
/* End PBXSourcesBuildPhase section */

/* Begin PBXVariantGroup section */
		74E7DCCC21F5681E00C79957 /* Main.storyboard */ = {
			isa = PBXVariantGroup;
			children = (
				74E7DCCD21F5681E00C79957 /* Base */,
			);
			name = Main.storyboard;
			sourceTree = "<group>";
		};
		74E7DCD121F5681E00C79957 /* LaunchScreen.storyboard */ = {
			isa = PBXVariantGroup;
			children = (
				74E7DCD221F5681E00C79957 /* Base */,
			);
			name = LaunchScreen.storyboard;
			sourceTree = "<group>";
		};
/* End PBXVariantGroup section */

/* Begin XCBuildConfiguration section */
		74E7DCD521F5681E00C79957 /* Debug */ = {
			isa = XCBuildConfiguration;
			buildSettings = {
				ALWAYS_SEARCH_USER_PATHS = NO;
				CLANG_ANALYZER_NONNULL = YES;
				CLANG_ANALYZER_NUMBER_OBJECT_CONVERSION = YES_AGGRESSIVE;
				CLANG_CXX_LANGUAGE_STANDARD = "gnu++14";
				CLANG_CXX_LIBRARY = "libc++";
				CLANG_ENABLE_MODULES = YES;
				CLANG_ENABLE_OBJC_ARC = YES;
				CLANG_WARN_BLOCK_CAPTURE_AUTORELEASING = YES;
				CLANG_WARN_BOOL_CONVERSION = YES;
				CLANG_WARN_COMMA = YES;
				CLANG_WARN_CONSTANT_CONVERSION = YES;
				CLANG_WARN_DIRECT_OBJC_ISA_USAGE = YES_ERROR;
				CLANG_WARN_DOCUMENTATION_COMMENTS = YES;
				CLANG_WARN_EMPTY_BODY = YES;
				CLANG_WARN_ENUM_CONVERSION = YES;
				CLANG_WARN_INFINITE_RECURSION = YES;
				CLANG_WARN_INT_CONVERSION = YES;
				CLANG_WARN_NON_LITERAL_NULL_CONVERSION = YES;
				CLANG_WARN_OBJC_LITERAL_CONVERSION = YES;
				CLANG_WARN_OBJC_ROOT_CLASS = YES_ERROR;
				CLANG_WARN_RANGE_LOOP_ANALYSIS = YES;
				CLANG_WARN_STRICT_PROTOTYPES = YES;
				CLANG_WARN_SUSPICIOUS_MOVE = YES;
				CLANG_WARN_UNGUARDED_AVAILABILITY = YES_AGGRESSIVE;
				CLANG_WARN_UNREACHABLE_CODE = YES;
				CLANG_WARN__DUPLICATE_METHOD_MATCH = YES;
				CODE_SIGN_IDENTITY = "iPhone Developer";
				COPY_PHASE_STRIP = NO;
				DEBUG_INFORMATION_FORMAT = dwarf;
				ENABLE_STRICT_OBJC_MSGSEND = YES;
				ENABLE_TESTABILITY = YES;
				GCC_C_LANGUAGE_STANDARD = gnu11;
				GCC_DYNAMIC_NO_PIC = NO;
				GCC_NO_COMMON_BLOCKS = YES;
				GCC_OPTIMIZATION_LEVEL = 0;
				GCC_PREPROCESSOR_DEFINITIONS = (
					"DEBUG=1",
					"$(inherited)",
				);
				GCC_WARN_64_TO_32_BIT_CONVERSION = YES;
				GCC_WARN_ABOUT_RETURN_TYPE = YES_ERROR;
				GCC_WARN_UNDECLARED_SELECTOR = YES;
				GCC_WARN_UNINITIALIZED_AUTOS = YES_AGGRESSIVE;
				GCC_WARN_UNUSED_FUNCTION = YES;
				GCC_WARN_UNUSED_VARIABLE = YES;
				IPHONEOS_DEPLOYMENT_TARGET = 11.2;
				MTL_ENABLE_DEBUG_INFO = YES;
				ONLY_ACTIVE_ARCH = YES;
				SDKROOT = iphoneos;
				SWIFT_ACTIVE_COMPILATION_CONDITIONS = DEBUG;
				SWIFT_OPTIMIZATION_LEVEL = "-Onone";
			};
			name = Debug;
		};
		74E7DCD621F5681E00C79957 /* Release */ = {
			isa = XCBuildConfiguration;
			buildSettings = {
				ALWAYS_SEARCH_USER_PATHS = NO;
				CLANG_ANALYZER_NONNULL = YES;
				CLANG_ANALYZER_NUMBER_OBJECT_CONVERSION = YES_AGGRESSIVE;
				CLANG_CXX_LANGUAGE_STANDARD = "gnu++14";
				CLANG_CXX_LIBRARY = "libc++";
				CLANG_ENABLE_MODULES = YES;
				CLANG_ENABLE_OBJC_ARC = YES;
				CLANG_WARN_BLOCK_CAPTURE_AUTORELEASING = YES;
				CLANG_WARN_BOOL_CONVERSION = YES;
				CLANG_WARN_COMMA = YES;
				CLANG_WARN_CONSTANT_CONVERSION = YES;
				CLANG_WARN_DIRECT_OBJC_ISA_USAGE = YES_ERROR;
				CLANG_WARN_DOCUMENTATION_COMMENTS = YES;
				CLANG_WARN_EMPTY_BODY = YES;
				CLANG_WARN_ENUM_CONVERSION = YES;
				CLANG_WARN_INFINITE_RECURSION = YES;
				CLANG_WARN_INT_CONVERSION = YES;
				CLANG_WARN_NON_LITERAL_NULL_CONVERSION = YES;
				CLANG_WARN_OBJC_LITERAL_CONVERSION = YES;
				CLANG_WARN_OBJC_ROOT_CLASS = YES_ERROR;
				CLANG_WARN_RANGE_LOOP_ANALYSIS = YES;
				CLANG_WARN_STRICT_PROTOTYPES = YES;
				CLANG_WARN_SUSPICIOUS_MOVE = YES;
				CLANG_WARN_UNGUARDED_AVAILABILITY = YES_AGGRESSIVE;
				CLANG_WARN_UNREACHABLE_CODE = YES;
				CLANG_WARN__DUPLICATE_METHOD_MATCH = YES;
				CODE_SIGN_IDENTITY = "iPhone Developer";
				COPY_PHASE_STRIP = NO;
				DEBUG_INFORMATION_FORMAT = "dwarf-with-dsym";
				ENABLE_NS_ASSERTIONS = NO;
				ENABLE_STRICT_OBJC_MSGSEND = YES;
				GCC_C_LANGUAGE_STANDARD = gnu11;
				GCC_NO_COMMON_BLOCKS = YES;
				GCC_WARN_64_TO_32_BIT_CONVERSION = YES;
				GCC_WARN_ABOUT_RETURN_TYPE = YES_ERROR;
				GCC_WARN_UNDECLARED_SELECTOR = YES;
				GCC_WARN_UNINITIALIZED_AUTOS = YES_AGGRESSIVE;
				GCC_WARN_UNUSED_FUNCTION = YES;
				GCC_WARN_UNUSED_VARIABLE = YES;
				IPHONEOS_DEPLOYMENT_TARGET = 11.2;
				MTL_ENABLE_DEBUG_INFO = NO;
				SDKROOT = iphoneos;
				SWIFT_OPTIMIZATION_LEVEL = "-Owholemodule";
				VALIDATE_PRODUCT = YES;
			};
			name = Release;
		};
		74E7DCD821F5681E00C79957 /* Debug */ = {
			isa = XCBuildConfiguration;
			buildSettings = {
				ASSETCATALOG_COMPILER_APPICON_NAME = AppIcon;
				CODE_SIGN_STYLE = Automatic;
				DEVELOPMENT_TEAM = 7V27CSMYF8;
				INFOPLIST_FILE = PineHRMios/Info.plist;
				LD_RUNPATH_SEARCH_PATHS = "$(inherited) @executable_path/Frameworks";
				PRODUCT_BUNDLE_IDENTIFIER = Lipdroid.PineHRMios;
				PRODUCT_NAME = "$(TARGET_NAME)";
				SWIFT_VERSION = 4.0;
				TARGETED_DEVICE_FAMILY = "1,2";
			};
			name = Debug;
		};
		74E7DCD921F5681E00C79957 /* Release */ = {
			isa = XCBuildConfiguration;
			buildSettings = {
				ASSETCATALOG_COMPILER_APPICON_NAME = AppIcon;
				CODE_SIGN_STYLE = Automatic;
				DEVELOPMENT_TEAM = 7V27CSMYF8;
				INFOPLIST_FILE = PineHRMios/Info.plist;
				LD_RUNPATH_SEARCH_PATHS = "$(inherited) @executable_path/Frameworks";
				PRODUCT_BUNDLE_IDENTIFIER = Lipdroid.PineHRMios;
				PRODUCT_NAME = "$(TARGET_NAME)";
				SWIFT_VERSION = 4.0;
				TARGETED_DEVICE_FAMILY = "1,2";
			};
			name = Release;
		};
/* End XCBuildConfiguration section */

/* Begin XCConfigurationList section */
		74E7DCC021F5681E00C79957 /* Build configuration list for PBXProject "PineHRMios" */ = {
			isa = XCConfigurationList;
			buildConfigurations = (
				74E7DCD521F5681E00C79957 /* Debug */,
				74E7DCD621F5681E00C79957 /* Release */,
			);
			defaultConfigurationIsVisible = 0;
			defaultConfigurationName = Release;
		};
		74E7DCD721F5681E00C79957 /* Build configuration list for PBXNativeTarget "PineHRMios" */ = {
			isa = XCConfigurationList;
			buildConfigurations = (
				74E7DCD821F5681E00C79957 /* Debug */,
				74E7DCD921F5681E00C79957 /* Release */,
			);
			defaultConfigurationIsVisible = 0;
			defaultConfigurationName = Release;
		};
/* End XCConfigurationList section */
	};
	rootObject = 74E7DCBD21F5681E00C79957 /* Project object */;
}
